
Microsoft Visual Studio Solution File, Format Version 12.00
# Visual Studio Version 17
VisualStudioVersion = 17.0.31903.59
MinimumVisualStudioVersion = 10.0.40219.1
Project("{FAE04EC0-301F-11D3-BF4B-00C04F79EFBC}") = "GOF.Abstract.Factory", "GOF.Abstract.Factory\GOF.Abstract.Factory.csproj", "{77649CAB-60FD-4FC9-BDF0-D758816FB3E3}"
EndProject
Project("{FAE04EC0-301F-11D3-BF4B-00C04F79EFBC}") = "GOF.Builder", "GOF.Builder\GOF.Builder.csproj", "{7DAEB646-70A6-4B83-A5C1-87C8C48288DA}"
EndProject
Project("{FAE04EC0-301F-11D3-BF4B-00C04F79EFBC}") = "GOF.Factory.Method", "GOF.Factory.Method\GOF.Factory.Method.csproj", "{9A4BABAC-881E-4F0C-949D-3B58013219B2}"
EndProject
Project("{FAE04EC0-301F-11D3-BF4B-00C04F79EFBC}") = "GOF.Prototype", "GOF.Prototype\GOF.Prototype.csproj", "{69D63E70-ACC4-4C8E-BDD5-1AB73488BAA6}"
EndProject
Project("{FAE04EC0-301F-11D3-BF4B-00C04F79EFBC}") = "GOF.Singleton", "GOF.Singleton\GOF.Singleton.csproj", "{D44F6DE8-2FC3-43D7-B02D-C72AEA8589BE}"
EndProject
Project("{FAE04EC0-301F-11D3-BF4B-00C04F79EFBC}") = "GOF.Adapter", "GOF.Adapter\GOF.Adapter.csproj", "{074B589A-7DFA-468B-886F-CC02C35A0D50}"
EndProject
Project("{FAE04EC0-301F-11D3-BF4B-00C04F79EFBC}") = "GOF.Bridge", "GOF.Bridge\GOF.Bridge.csproj", "{147413A3-444F-48BA-82DF-2B8AB84B037A}"
EndProject
Project("{FAE04EC0-301F-11D3-BF4B-00C04F79EFBC}") = "GOF.Composite", "GOF.Composite\GOF.Composite.csproj", "{1C6782AA-62E8-4CDB-8FEF-AE4E704E4DF1}"
EndProject
Project("{FAE04EC0-301F-11D3-BF4B-00C04F79EFBC}") = "GOF.Decorator", "GOF.Decorator\GOF.Decorator.csproj", "{2513C75D-CE16-408E-B1C9-A78F78B3CABB}"
EndProject
Project("{FAE04EC0-301F-11D3-BF4B-00C04F79EFBC}") = "GOF.Facade", "GOF.Facade\GOF.Facade.csproj", "{F6BBBF85-F373-4FED-967E-37E3DD492AF7}"
EndProject
Project("{FAE04EC0-301F-11D3-BF4B-00C04F79EFBC}") = "GOF.Flyweight", "GOF.Flyweight\GOF.Flyweight.csproj", "{1DACDA50-CB31-49AC-947B-E928D27F716C}"
EndProject
Project("{FAE04EC0-301F-11D3-BF4B-00C04F79EFBC}") = "GOF.Proxy", "GOF.Proxy\GOF.Proxy.csproj", "{D5BF7E85-0BC2-465D-96C5-38C99363C949}"
EndProject
Project("{FAE04EC0-301F-11D3-BF4B-00C04F79EFBC}") = "GOF.ChainOfResp", "GOF.ChainOfResp\GOF.ChainOfResp.csproj", "{CF9FD8E7-7605-4B56-90EF-233E05CCE354}"
EndProject
Project("{FAE04EC0-301F-11D3-BF4B-00C04F79EFBC}") = "GOF.Command", "GOF.Command\GOF.Command.csproj", "{3BFEF68B-93C8-4675-84B9-B851916EEFA8}"
EndProject
Project("{FAE04EC0-301F-11D3-BF4B-00C04F79EFBC}") = "GOF.Iterator", "GOF.Iterator\GOF.Iterator.csproj", "{CC158A42-9DBC-4DE5-92B9-004F09B99255}"
EndProject
Project("{FAE04EC0-301F-11D3-BF4B-00C04F79EFBC}") = "GOF.Interpreter", "GOF.Interpreter\GOF.Interpreter.csproj", "{79C262BA-32A7-4B87-B8EC-BC2CE110621A}"
EndProject
Project("{FAE04EC0-301F-11D3-BF4B-00C04F79EFBC}") = "GOF.Mediator", "GOF.Mediator\GOF.Mediator.csproj", "{EDD174B2-6692-4F04-8275-ED5664DFDF8D}"
EndProject
Project("{FAE04EC0-301F-11D3-BF4B-00C04F79EFBC}") = "GOF.Memento", "GOF.Memento\GOF.Memento.csproj", "{4B16A594-2FD4-4981-927F-3F0629CD5768}"
EndProject
Project("{FAE04EC0-301F-11D3-BF4B-00C04F79EFBC}") = "GOF.Obsever", "GOF.Obsever\GOF.Obsever.csproj", "{C1EBE64A-8B0E-43A4-80FA-3EE3CDADDF11}"
EndProject
Project("{FAE04EC0-301F-11D3-BF4B-00C04F79EFBC}") = "GOF.State", "GOF.State\GOF.State.csproj", "{1AE727AD-91F1-4F8D-879A-B876C523D3F6}"
EndProject
Project("{FAE04EC0-301F-11D3-BF4B-00C04F79EFBC}") = "GOF.Strategy", "GOF.Strategy\GOF.Strategy.csproj", "{D68CB15D-AF1F-4E4B-A658-8CEAFFA4789B}"
EndProject
Global
	GlobalSection(SolutionConfigurationPlatforms) = preSolution
		Debug|Any CPU = Debug|Any CPU
		Release|Any CPU = Release|Any CPU
	EndGlobalSection
	GlobalSection(SolutionProperties) = preSolution
		HideSolutionNode = FALSE
	EndGlobalSection
	GlobalSection(ProjectConfigurationPlatforms) = postSolution
		{77649CAB-60FD-4FC9-BDF0-D758816FB3E3}.Debug|Any CPU.ActiveCfg = Debug|Any CPU
		{77649CAB-60FD-4FC9-BDF0-D758816FB3E3}.Debug|Any CPU.Build.0 = Debug|Any CPU
		{77649CAB-60FD-4FC9-BDF0-D758816FB3E3}.Release|Any CPU.ActiveCfg = Release|Any CPU
		{77649CAB-60FD-4FC9-BDF0-D758816FB3E3}.Release|Any CPU.Build.0 = Release|Any CPU
		{7DAEB646-70A6-4B83-A5C1-87C8C48288DA}.Debug|Any CPU.ActiveCfg = Debug|Any CPU
		{7DAEB646-70A6-4B83-A5C1-87C8C48288DA}.Debug|Any CPU.Build.0 = Debug|Any CPU
		{7DAEB646-70A6-4B83-A5C1-87C8C48288DA}.Release|Any CPU.ActiveCfg = Release|Any CPU
		{7DAEB646-70A6-4B83-A5C1-87C8C48288DA}.Release|Any CPU.Build.0 = Release|Any CPU
		{9A4BABAC-881E-4F0C-949D-3B58013219B2}.Debug|Any CPU.ActiveCfg = Debug|Any CPU
		{9A4BABAC-881E-4F0C-949D-3B58013219B2}.Debug|Any CPU.Build.0 = Debug|Any CPU
		{9A4BABAC-881E-4F0C-949D-3B58013219B2}.Release|Any CPU.ActiveCfg = Release|Any CPU
		{9A4BABAC-881E-4F0C-949D-3B58013219B2}.Release|Any CPU.Build.0 = Release|Any CPU
		{69D63E70-ACC4-4C8E-BDD5-1AB73488BAA6}.Debug|Any CPU.ActiveCfg = Debug|Any CPU
		{69D63E70-ACC4-4C8E-BDD5-1AB73488BAA6}.Debug|Any CPU.Build.0 = Debug|Any CPU
		{69D63E70-ACC4-4C8E-BDD5-1AB73488BAA6}.Release|Any CPU.ActiveCfg = Release|Any CPU
		{69D63E70-ACC4-4C8E-BDD5-1AB73488BAA6}.Release|Any CPU.Build.0 = Release|Any CPU
		{D44F6DE8-2FC3-43D7-B02D-C72AEA8589BE}.Debug|Any CPU.ActiveCfg = Debug|Any CPU
		{D44F6DE8-2FC3-43D7-B02D-C72AEA8589BE}.Debug|Any CPU.Build.0 = Debug|Any CPU
		{D44F6DE8-2FC3-43D7-B02D-C72AEA8589BE}.Release|Any CPU.ActiveCfg = Release|Any CPU
		{D44F6DE8-2FC3-43D7-B02D-C72AEA8589BE}.Release|Any CPU.Build.0 = Release|Any CPU
		{074B589A-7DFA-468B-886F-CC02C35A0D50}.Debug|Any CPU.ActiveCfg = Debug|Any CPU
		{074B589A-7DFA-468B-886F-CC02C35A0D50}.Debug|Any CPU.Build.0 = Debug|Any CPU
		{074B589A-7DFA-468B-886F-CC02C35A0D50}.Release|Any CPU.ActiveCfg = Release|Any CPU
		{074B589A-7DFA-468B-886F-CC02C35A0D50}.Release|Any CPU.Build.0 = Release|Any CPU
		{147413A3-444F-48BA-82DF-2B8AB84B037A}.Debug|Any CPU.ActiveCfg = Debug|Any CPU
		{147413A3-444F-48BA-82DF-2B8AB84B037A}.Debug|Any CPU.Build.0 = Debug|Any CPU
		{147413A3-444F-48BA-82DF-2B8AB84B037A}.Release|Any CPU.ActiveCfg = Release|Any CPU
		{147413A3-444F-48BA-82DF-2B8AB84B037A}.Release|Any CPU.Build.0 = Release|Any CPU
		{1C6782AA-62E8-4CDB-8FEF-AE4E704E4DF1}.Debug|Any CPU.ActiveCfg = Debug|Any CPU
		{1C6782AA-62E8-4CDB-8FEF-AE4E704E4DF1}.Debug|Any CPU.Build.0 = Debug|Any CPU
		{1C6782AA-62E8-4CDB-8FEF-AE4E704E4DF1}.Release|Any CPU.ActiveCfg = Release|Any CPU
		{1C6782AA-62E8-4CDB-8FEF-AE4E704E4DF1}.Release|Any CPU.Build.0 = Release|Any CPU
		{2513C75D-CE16-408E-B1C9-A78F78B3CABB}.Debug|Any CPU.ActiveCfg = Debug|Any CPU
		{2513C75D-CE16-408E-B1C9-A78F78B3CABB}.Debug|Any CPU.Build.0 = Debug|Any CPU
		{2513C75D-CE16-408E-B1C9-A78F78B3CABB}.Release|Any CPU.ActiveCfg = Release|Any CPU
		{2513C75D-CE16-408E-B1C9-A78F78B3CABB}.Release|Any CPU.Build.0 = Release|Any CPU
		{F6BBBF85-F373-4FED-967E-37E3DD492AF7}.Debug|Any CPU.ActiveCfg = Debug|Any CPU
		{F6BBBF85-F373-4FED-967E-37E3DD492AF7}.Debug|Any CPU.Build.0 = Debug|Any CPU
		{F6BBBF85-F373-4FED-967E-37E3DD492AF7}.Release|Any CPU.ActiveCfg = Release|Any CPU
		{F6BBBF85-F373-4FED-967E-37E3DD492AF7}.Release|Any CPU.Build.0 = Release|Any CPU
		{1DACDA50-CB31-49AC-947B-E928D27F716C}.Debug|Any CPU.ActiveCfg = Debug|Any CPU
		{1DACDA50-CB31-49AC-947B-E928D27F716C}.Debug|Any CPU.Build.0 = Debug|Any CPU
		{1DACDA50-CB31-49AC-947B-E928D27F716C}.Release|Any CPU.ActiveCfg = Release|Any CPU
		{1DACDA50-CB31-49AC-947B-E928D27F716C}.Release|Any CPU.Build.0 = Release|Any CPU
		{D5BF7E85-0BC2-465D-96C5-38C99363C949}.Debug|Any CPU.ActiveCfg = Debug|Any CPU
		{D5BF7E85-0BC2-465D-96C5-38C99363C949}.Debug|Any CPU.Build.0 = Debug|Any CPU
		{D5BF7E85-0BC2-465D-96C5-38C99363C949}.Release|Any CPU.ActiveCfg = Release|Any CPU
		{D5BF7E85-0BC2-465D-96C5-38C99363C949}.Release|Any CPU.Build.0 = Release|Any CPU
		{CF9FD8E7-7605-4B56-90EF-233E05CCE354}.Debug|Any CPU.ActiveCfg = Debug|Any CPU
		{CF9FD8E7-7605-4B56-90EF-233E05CCE354}.Debug|Any CPU.Build.0 = Debug|Any CPU
		{CF9FD8E7-7605-4B56-90EF-233E05CCE354}.Release|Any CPU.ActiveCfg = Release|Any CPU
		{CF9FD8E7-7605-4B56-90EF-233E05CCE354}.Release|Any CPU.Build.0 = Release|Any CPU
		{3BFEF68B-93C8-4675-84B9-B851916EEFA8}.Debug|Any CPU.ActiveCfg = Debug|Any CPU
		{3BFEF68B-93C8-4675-84B9-B851916EEFA8}.Debug|Any CPU.Build.0 = Debug|Any CPU
		{3BFEF68B-93C8-4675-84B9-B851916EEFA8}.Release|Any CPU.ActiveCfg = Release|Any CPU
		{3BFEF68B-93C8-4675-84B9-B851916EEFA8}.Release|Any CPU.Build.0 = Release|Any CPU
		{CC158A42-9DBC-4DE5-92B9-004F09B99255}.Debug|Any CPU.ActiveCfg = Debug|Any CPU
		{CC158A42-9DBC-4DE5-92B9-004F09B99255}.Debug|Any CPU.Build.0 = Debug|Any CPU
		{CC158A42-9DBC-4DE5-92B9-004F09B99255}.Release|Any CPU.ActiveCfg = Release|Any CPU
		{CC158A42-9DBC-4DE5-92B9-004F09B99255}.Release|Any CPU.Build.0 = Release|Any CPU
		{79C262BA-32A7-4B87-B8EC-BC2CE110621A}.Debug|Any CPU.ActiveCfg = Debug|Any CPU
		{79C262BA-32A7-4B87-B8EC-BC2CE110621A}.Debug|Any CPU.Build.0 = Debug|Any CPU
		{79C262BA-32A7-4B87-B8EC-BC2CE110621A}.Release|Any CPU.ActiveCfg = Release|Any CPU
		{79C262BA-32A7-4B87-B8EC-BC2CE110621A}.Release|Any CPU.Build.0 = Release|Any CPU
		{EDD174B2-6692-4F04-8275-ED5664DFDF8D}.Debug|Any CPU.ActiveCfg = Debug|Any CPU
		{EDD174B2-6692-4F04-8275-ED5664DFDF8D}.Debug|Any CPU.Build.0 = Debug|Any CPU
		{EDD174B2-6692-4F04-8275-ED5664DFDF8D}.Release|Any CPU.ActiveCfg = Release|Any CPU
		{EDD174B2-6692-4F04-8275-ED5664DFDF8D}.Release|Any CPU.Build.0 = Release|Any CPU
		{4B16A594-2FD4-4981-927F-3F0629CD5768}.Debug|Any CPU.ActiveCfg = Debug|Any CPU
		{4B16A594-2FD4-4981-927F-3F0629CD5768}.Debug|Any CPU.Build.0 = Debug|Any CPU
		{4B16A594-2FD4-4981-927F-3F0629CD5768}.Release|Any CPU.ActiveCfg = Release|Any CPU
		{4B16A594-2FD4-4981-927F-3F0629CD5768}.Release|Any CPU.Build.0 = Release|Any CPU
		{C1EBE64A-8B0E-43A4-80FA-3EE3CDADDF11}.Debug|Any CPU.ActiveCfg = Debug|Any CPU
		{C1EBE64A-8B0E-43A4-80FA-3EE3CDADDF11}.Debug|Any CPU.Build.0 = Debug|Any CPU
		{C1EBE64A-8B0E-43A4-80FA-3EE3CDADDF11}.Release|Any CPU.ActiveCfg = Release|Any CPU
		{C1EBE64A-8B0E-43A4-80FA-3EE3CDADDF11}.Release|Any CPU.Build.0 = Release|Any CPU
		{1AE727AD-91F1-4F8D-879A-B876C523D3F6}.Debug|Any CPU.ActiveCfg = Debug|Any CPU
		{1AE727AD-91F1-4F8D-879A-B876C523D3F6}.Debug|Any CPU.Build.0 = Debug|Any CPU
		{1AE727AD-91F1-4F8D-879A-B876C523D3F6}.Release|Any CPU.ActiveCfg = Release|Any CPU
		{1AE727AD-91F1-4F8D-879A-B876C523D3F6}.Release|Any CPU.Build.0 = Release|Any CPU
		{D68CB15D-AF1F-4E4B-A658-8CEAFFA4789B}.Debug|Any CPU.ActiveCfg = Debug|Any CPU
		{D68CB15D-AF1F-4E4B-A658-8CEAFFA4789B}.Debug|Any CPU.Build.0 = Debug|Any CPU
		{D68CB15D-AF1F-4E4B-A658-8CEAFFA4789B}.Release|Any CPU.ActiveCfg = Release|Any CPU
		{D68CB15D-AF1F-4E4B-A658-8CEAFFA4789B}.Release|Any CPU.Build.0 = Release|Any CPU
	EndGlobalSection
EndGlobal
